{
  "name": "sky_app_with_tdesign",
  "version": "1.0.1",
  "lockfileVersion": 3,
  "requires": true,
  "packages": {
    "": {
      "name": "sky_app_with_tdesign",
      "version": "1.0.1",
      "license": "ISC",
      "dependencies": {
        "tdesign-miniprogram": "^1.2.4"
      }
    },
    "node_modules/dayjs": {
      "version": "1.11.10",
      "resolved": "https://registry.npmmirror.com/dayjs/-/dayjs-1.11.10.tgz",
      "integrity": "sha512-vjAczensTgRcqDERK0SR2XMwsF/tSvnvlv6VcF2GIhg6Sx4yOIt/irsr1RDJsKiIyBzJDpCoXiWWq28MqH2cnQ=="
    },
    "node_modules/tdesign-miniprogram": {
      "version": "1.2.4",
      "resolved": "https://registry.npmmirror.com/tdesign-miniprogram/-/tdesign-miniprogram-1.2.4.tgz",
      "integrity": "sha512-T3tKPlRT3X2nJnCuQ7O9DXwGn01V8tMmuD54WJt/qDdRYoAF3USuYNqwTJTHYnozRW8JzECeXO6zjmLUwcMdzw==",
      "dependencies": {
        "dayjs": "^1.10.7"
      }
    }
  }
}
